
Microsoft Visual Studio Solution File, Format Version 12.00
# Visual Studio 15
VisualStudioVersion = 15.0.27428.2002
MinimumVisualStudioVersion = 10.0.40219.1
Project("{FAE04EC0-301F-11D3-BF4B-00C04F79EFBC}") = "StatueStore", "StatueStore\StatueStore.csproj", "{9500489A-2080-45A3-904F-85A50AD70DED}"
EndProject
Global
	GlobalSection(SolutionConfigurationPlatforms) = preSolution
		Debug|Any CPU = Debug|Any CPU
		Release|Any CPU = Release|Any CPU
	EndGlobalSection
	GlobalSection(ProjectConfigurationPlatforms) = postSolution
		{9500489A-2080-45A3-904F-85A50AD70DED}.Debug|Any CPU.ActiveCfg = Debug|Any CPU
		{9500489A-2080-45A3-904F-85A50AD70DED}.Debug|Any CPU.Build.0 = Debug|Any CPU
		{9500489A-2080-45A3-904F-85A50AD70DED}.Release|Any CPU.ActiveCfg = Release|Any CPU
		{9500489A-2080-45A3-904F-85A50AD70DED}.Release|Any CPU.Build.0 = Release|Any CPU
	EndGlobalSection
	GlobalSection(SolutionProperties) = preSolution
		HideSolutionNode = FALSE
	EndGlobalSection
	GlobalSection(ExtensibilityGlobals) = postSolution
		SolutionGuid = {24BCF3D5-D322-44B9-A8E3-D0E84B2953C8}
	EndGlobalSection
EndGlobal
